{
  "name": "test-npm",
  "version": "1.0.0",
  "lockfileVersion": 2,
  "requires": true,
  "packages": {
    "": {
      "name": "test-npm",
      "version": "1.0.0",
      "license": "ISC",
      "dependencies": {
        "chart.js": "^3.8.0",
        "interactjs": "^1.10.14",
        "moment": "^2.29.4"
      }
    },
    "node_modules/@interactjs/types": {
      "version": "1.10.14",
      "resolved": "https://registry.npmjs.org/@interactjs/types/-/types-1.10.14.tgz",
      "integrity": "sha512-ds6wAI9aDzojzr7UBvifUJIgogCL1ZL0nfBrXDv5GVMaW7gBglqejaeiQ1a0cRiHII/8p8s5AwPhhODTDM8RCQ=="
    },
    "node_modules/chart.js": {
      "version": "3.8.0",
      "resolved": "https://registry.npmjs.org/chart.js/-/chart.js-3.8.0.tgz",
      "integrity": "sha512-cr8xhrXjLIXVLOBZPkBZVF6NDeiVIrPLHcMhnON7UufudL+CNeRrD+wpYanswlm8NpudMdrt3CHoLMQMxJhHRg=="
    },
    "node_modules/interactjs": {
      "version": "1.10.14",
      "resolved": "https://registry.npmjs.org/interactjs/-/interactjs-1.10.14.tgz",
      "integrity": "sha512-UhwZhuFqmKLSJ1o04LlvFMdxohwvuMjVrQC96TI8/dEhF/dS47Tqm3Po5i4yKXaCMIqI8qdvmyfeIWdGLYSClA==",
      "dependencies": {
        "@interactjs/types": "1.10.14"
      }
    },
    "node_modules/moment": {
      "version": "2.29.4",
      "resolved": "https://registry.npmjs.org/moment/-/moment-2.29.4.tgz",
      "integrity": "sha512-5LC9SOxjSc2HF6vO2CyuTDNivEdoz2IvyJJGj6X8DJ0eFyfszE0QiEd+iXmBvUP3WHxSjFH/vIsA0EN00cgr8w==",
      "engines": {
        "node": "*"
      }
    }
  },
  "dependencies": {
    "@interactjs/types": {
      "version": "1.10.14",
      "resolved": "https://registry.npmjs.org/@interactjs/types/-/types-1.10.14.tgz",
      "integrity": "sha512-ds6wAI9aDzojzr7UBvifUJIgogCL1ZL0nfBrXDv5GVMaW7gBglqejaeiQ1a0cRiHII/8p8s5AwPhhODTDM8RCQ=="
    },
    "chart.js": {
      "version": "3.8.0",
      "resolved": "https://registry.npmjs.org/chart.js/-/chart.js-3.8.0.tgz",
      "integrity": "sha512-cr8xhrXjLIXVLOBZPkBZVF6NDeiVIrPLHcMhnON7UufudL+CNeRrD+wpYanswlm8NpudMdrt3CHoLMQMxJhHRg=="
    },
    "interactjs": {
      "version": "1.10.14",
      "resolved": "https://registry.npmjs.org/interactjs/-/interactjs-1.10.14.tgz",
      "integrity": "sha512-UhwZhuFqmKLSJ1o04LlvFMdxohwvuMjVrQC96TI8/dEhF/dS47Tqm3Po5i4yKXaCMIqI8qdvmyfeIWdGLYSClA==",
      "requires": {
        "@interactjs/types": "1.10.14"
      }
    },
    "moment": {
      "version": "2.29.4",
      "resolved": "https://registry.npmjs.org/moment/-/moment-2.29.4.tgz",
      "integrity": "sha512-5LC9SOxjSc2HF6vO2CyuTDNivEdoz2IvyJJGj6X8DJ0eFyfszE0QiEd+iXmBvUP3WHxSjFH/vIsA0EN00cgr8w=="
    }
  }
}
